
Microsoft Visual Studio Solution File, Format Version 12.00
# Visual Studio Version 16
VisualStudioVersion = 16.0.29613.14
MinimumVisualStudioVersion = 10.0.40219.1
Project("{FAE04EC0-301F-11D3-BF4B-00C04F79EFBC}") = "WebAuthJWT", "WebAuthJWT\WebAuthJWT.csproj", "{F32DCE5F-759E-4F4B-BED2-A589761AFD36}"
EndProject
Global
	GlobalSection(SolutionConfigurationPlatforms) = preSolution
		Debug|Any CPU = Debug|Any CPU
		Release|Any CPU = Release|Any CPU
	EndGlobalSection
	GlobalSection(ProjectConfigurationPlatforms) = postSolution
		{F32DCE5F-759E-4F4B-BED2-A589761AFD36}.Debug|Any CPU.ActiveCfg = Debug|Any CPU
		{F32DCE5F-759E-4F4B-BED2-A589761AFD36}.Debug|Any CPU.Build.0 = Debug|Any CPU
		{F32DCE5F-759E-4F4B-BED2-A589761AFD36}.Release|Any CPU.ActiveCfg = Release|Any CPU
		{F32DCE5F-759E-4F4B-BED2-A589761AFD36}.Release|Any CPU.Build.0 = Release|Any CPU
	EndGlobalSection
	GlobalSection(SolutionProperties) = preSolution
		HideSolutionNode = FALSE
	EndGlobalSection
	GlobalSection(ExtensibilityGlobals) = postSolution
		SolutionGuid = {52EDE697-1E3D-433A-A7CC-D3C7C2A074FA}
	EndGlobalSection
EndGlobal
